{
  "pins" : [
    {
      "identity" : "swifthaptics",
      "kind" : "remoteSourceControl",
      "location" : "https://github.com/pxlshpr/SwiftHaptics",
      "state" : {
        "revision" : "47ed14412dcd109f124cb7b3b88e3fc8f60569e7",
        "version" : "0.1.2"
      }
    },
    {
      "identity" : "swiftsugar",
      "kind" : "remoteSourceControl",
      "location" : "https://github.com/pxlshpr/SwiftSugar",
      "state" : {
        "revision" : "8f6e2615bee4969dd629c09cae9d900b52081b02",
        "version" : "0.0.74"
      }
    },
    {
      "identity" : "swiftuisugar",
      "kind" : "remoteSourceControl",
      "location" : "https://github.com/pxlshpr/SwiftUISugar",
      "state" : {
        "revision" : "d87afa0167b363295237c94e5f0a1b6bc9e3ba0d",
        "version" : "0.0.199"
      }
    }
  ],
  "version" : 2
}
